
Microsoft Visual Studio Solution File, Format Version 12.00
# Visual Studio Version 17
VisualStudioVersion = 17.7.34024.191
MinimumVisualStudioVersion = 10.0.40219.1
Project("{FAE04EC0-301F-11D3-BF4B-00C04F79EFBC}") = "Warehouse", "Warehouse\Warehouse.csproj", "{B4688558-7189-48E3-966A-9BD27B0364FB}"
EndProject
Global
	GlobalSection(SolutionConfigurationPlatforms) = preSolution
		Debug|Any CPU = Debug|Any CPU
		Release|Any CPU = Release|Any CPU
	EndGlobalSection
	GlobalSection(ProjectConfigurationPlatforms) = postSolution
		{B4688558-7189-48E3-966A-9BD27B0364FB}.Debug|Any CPU.ActiveCfg = Debug|Any CPU
		{B4688558-7189-48E3-966A-9BD27B0364FB}.Debug|Any CPU.Build.0 = Debug|Any CPU
		{B4688558-7189-48E3-966A-9BD27B0364FB}.Release|Any CPU.ActiveCfg = Release|Any CPU
		{B4688558-7189-48E3-966A-9BD27B0364FB}.Release|Any CPU.Build.0 = Release|Any CPU
	EndGlobalSection
	GlobalSection(SolutionProperties) = preSolution
		HideSolutionNode = FALSE
	EndGlobalSection
	GlobalSection(ExtensibilityGlobals) = postSolution
		SolutionGuid = {84E0FBB7-231F-4655-AB5B-53878F6E1508}
	EndGlobalSection
EndGlobal
